
Microsoft Visual Studio Solution File, Format Version 12.00
# Visual Studio Version 17
VisualStudioVersion = 17.7.34202.233
MinimumVisualStudioVersion = 10.0.40219.1
Project("{FAE04EC0-301F-11D3-BF4B-00C04F79EFBC}") = "Boamba_Emilia_Lab10", "Boamba_Emilia_Lab10.csproj", "{1A5578B8-E1E7-49A0-995D-54E0B2673077}"
EndProject
Project("{FAE04EC0-301F-11D3-BF4B-00C04F79EFBC}") = "gRPCClient", "gRPCClient\gRPCClient.csproj", "{2CF44590-5964-4D46-8F1C-5EFCEF585FDF}"
EndProject
Global
	GlobalSection(SolutionConfigurationPlatforms) = preSolution
		Debug|Any CPU = Debug|Any CPU
		Release|Any CPU = Release|Any CPU
	EndGlobalSection
	GlobalSection(ProjectConfigurationPlatforms) = postSolution
		{1A5578B8-E1E7-49A0-995D-54E0B2673077}.Debug|Any CPU.ActiveCfg = Debug|Any CPU
		{1A5578B8-E1E7-49A0-995D-54E0B2673077}.Debug|Any CPU.Build.0 = Debug|Any CPU
		{1A5578B8-E1E7-49A0-995D-54E0B2673077}.Release|Any CPU.ActiveCfg = Release|Any CPU
		{1A5578B8-E1E7-49A0-995D-54E0B2673077}.Release|Any CPU.Build.0 = Release|Any CPU
		{2CF44590-5964-4D46-8F1C-5EFCEF585FDF}.Debug|Any CPU.ActiveCfg = Debug|Any CPU
		{2CF44590-5964-4D46-8F1C-5EFCEF585FDF}.Debug|Any CPU.Build.0 = Debug|Any CPU
		{2CF44590-5964-4D46-8F1C-5EFCEF585FDF}.Release|Any CPU.ActiveCfg = Release|Any CPU
		{2CF44590-5964-4D46-8F1C-5EFCEF585FDF}.Release|Any CPU.Build.0 = Release|Any CPU
	EndGlobalSection
	GlobalSection(SolutionProperties) = preSolution
		HideSolutionNode = FALSE
	EndGlobalSection
	GlobalSection(ExtensibilityGlobals) = postSolution
		SolutionGuid = {2B4E8B17-5FF2-4D9B-9D2B-04F13003451A}
	EndGlobalSection
EndGlobal
